# THIS IS AN AUTOGENERATED FILE. DO NOT EDIT THIS FILE DIRECTLY.
# yarn lockfile v1


naive-deepclone@^1.0.2:
  version "1.0.2"
  resolved "https://registry.yarnpkg.com/naive-deepclone/-/naive-deepclone-1.0.2.tgz#df87338329e3870bcbef1f61cbc60352619955df"
  integrity sha512-CRHS+5eqEG2W9WGvFd4MjXrXw8l/x6OnBekT/jacI3o9GZqtjyad6HM+jjRaIIq3CeiSkBAnVzOF6azWP5b2Vg==
