# THIS IS AN AUTOGENERATED FILE. DO NOT EDIT THIS FILE DIRECTLY.
# yarn lockfile v1


naive-deepclone@^1.0.1:
  version "1.0.1"
  resolved "https://registry.yarnpkg.com/naive-deepclone/-/naive-deepclone-1.0.1.tgz#203f95080b9385bf12ae95bf9daf3670f906d6b8"
  integrity sha512-fH48FFq+YOX46RtJGxIL5hz0o6yjIoE9sw0pywEuL3gESuH7FAAVN74btO/uF/81CVAtCXZiKW0OQn35s1AZpA==
